# THIS IS AN AUTOGENERATED FILE. DO NOT EDIT THIS FILE DIRECTLY.
# yarn lockfile v1


date-fns@^2.15.0:
  version "2.15.0"
  resolved "https://registry.yarnpkg.com/date-fns/-/date-fns-2.15.0.tgz#424de6b3778e4e69d3ff27046ec136af58ae5d5f"
  integrity sha512-ZCPzAMJZn3rNUvvQIMlXhDr4A+Ar07eLeGsGREoWU19a3Pqf5oYa+ccd+B3F6XVtQY6HANMFdOQ8A+ipFnvJdQ==

frow@^3.3.2:
  version "3.3.2"
  resolved "https://registry.yarnpkg.com/frow/-/frow-3.3.2.tgz#21695d2bf081c5a75bdb6a446f711e2a66474ea0"
  integrity sha512-ZNsyrCzDuN0bi5Xjx/3BMSyi7l3bJGPyPzZoWP60LtV7WiPeElLI99HgL9d6KygDMkpKWsWWHCOdRV960Q0JjA==

mithril-stream@^2.0.0:
  version "2.0.0"
  resolved "https://registry.yarnpkg.com/mithril-stream/-/mithril-stream-2.0.0.tgz#b33a9b8d1f1a93b50f79e13a3454d3a39d7e39fb"
  integrity sha512-7anPud4n2FMGIXBQATVpFzclkddXHmJ1TzlqOP9STybk8JZYOPAD2otMYiMDc6sPrTNDY5S6GPDlYNIUY8Qs3Q==

mithril@^2.0.4:
  version "2.0.4"
  resolved "https://registry.yarnpkg.com/mithril/-/mithril-2.0.4.tgz#d125969d992b924c7185d24ff92d997e5c00116b"
  integrity sha512-mgw+DMZlhMS4PpprF6dl7ZoeZq5GGcAuWnrg5e12MvaGauc4jzWsDZtVGRCktsiQczOEUr2K5teKbE5k44RlOg==
